
Microsoft Visual Studio Solution File, Format Version 12.00
# Visual Studio Version 17
VisualStudioVersion = 17.3.32901.215
MinimumVisualStudioVersion = 10.0.40219.1
Project("{9A19103F-16F7-4668-BE54-9A1E7A4F7556}") = "BookstoreWeb", "BookstoreWeb\BookstoreWeb.csproj", "{3A2C23EC-025D-4AF6-9385-E7D3A86A86BB}"
EndProject
Project("{FAE04EC0-301F-11D3-BF4B-00C04F79EFBC}") = "BookStore.Models", "BookStore.Models\BookStore.Models.csproj", "{5232AEA5-7AF1-4A9F-8F27-3B68B322299D}"
EndProject
Project("{FAE04EC0-301F-11D3-BF4B-00C04F79EFBC}") = "BookStore.DataAccess", "BookStore.DataAccess\BookStore.DataAccess.csproj", "{9C9EC2DE-37BF-41ED-94A0-2894B305D462}"
EndProject
Project("{FAE04EC0-301F-11D3-BF4B-00C04F79EFBC}") = "BookStore.Utility", "BookStore.Utility\BookStore.Utility.csproj", "{1199F855-17A4-452E-8C60-A1A1DDB26EA4}"
EndProject
Global
	GlobalSection(SolutionConfigurationPlatforms) = preSolution
		Debug|Any CPU = Debug|Any CPU
		Release|Any CPU = Release|Any CPU
	EndGlobalSection
	GlobalSection(ProjectConfigurationPlatforms) = postSolution
		{3A2C23EC-025D-4AF6-9385-E7D3A86A86BB}.Debug|Any CPU.ActiveCfg = Debug|Any CPU
		{3A2C23EC-025D-4AF6-9385-E7D3A86A86BB}.Debug|Any CPU.Build.0 = Debug|Any CPU
		{3A2C23EC-025D-4AF6-9385-E7D3A86A86BB}.Release|Any CPU.ActiveCfg = Release|Any CPU
		{3A2C23EC-025D-4AF6-9385-E7D3A86A86BB}.Release|Any CPU.Build.0 = Release|Any CPU
		{5232AEA5-7AF1-4A9F-8F27-3B68B322299D}.Debug|Any CPU.ActiveCfg = Debug|Any CPU
		{5232AEA5-7AF1-4A9F-8F27-3B68B322299D}.Debug|Any CPU.Build.0 = Debug|Any CPU
		{5232AEA5-7AF1-4A9F-8F27-3B68B322299D}.Release|Any CPU.ActiveCfg = Release|Any CPU
		{5232AEA5-7AF1-4A9F-8F27-3B68B322299D}.Release|Any CPU.Build.0 = Release|Any CPU
		{9C9EC2DE-37BF-41ED-94A0-2894B305D462}.Debug|Any CPU.ActiveCfg = Debug|Any CPU
		{9C9EC2DE-37BF-41ED-94A0-2894B305D462}.Debug|Any CPU.Build.0 = Debug|Any CPU
		{9C9EC2DE-37BF-41ED-94A0-2894B305D462}.Release|Any CPU.ActiveCfg = Release|Any CPU
		{9C9EC2DE-37BF-41ED-94A0-2894B305D462}.Release|Any CPU.Build.0 = Release|Any CPU
		{1199F855-17A4-452E-8C60-A1A1DDB26EA4}.Debug|Any CPU.ActiveCfg = Debug|Any CPU
		{1199F855-17A4-452E-8C60-A1A1DDB26EA4}.Debug|Any CPU.Build.0 = Debug|Any CPU
		{1199F855-17A4-452E-8C60-A1A1DDB26EA4}.Release|Any CPU.ActiveCfg = Release|Any CPU
		{1199F855-17A4-452E-8C60-A1A1DDB26EA4}.Release|Any CPU.Build.0 = Release|Any CPU
	EndGlobalSection
	GlobalSection(SolutionProperties) = preSolution
		HideSolutionNode = FALSE
	EndGlobalSection
	GlobalSection(ExtensibilityGlobals) = postSolution
		SolutionGuid = {E8151CC9-1613-4F59-BB36-E3BE2F5332D9}
	EndGlobalSection
EndGlobal
